
Microsoft Visual Studio Solution File, Format Version 12.00
# Visual Studio Version 16
VisualStudioVersion = 16.0.30406.217
MinimumVisualStudioVersion = 10.0.40219.1
Project("{9A19103F-16F7-4668-BE54-9A1E7A4F7556}") = "HilresChart.Blazor", "HilresChart.Blazor\HilresChart.Blazor.csproj", "{D5188C4D-071D-4AFC-B797-4F9CC0C463A5}"
EndProject
Project("{9A19103F-16F7-4668-BE54-9A1E7A4F7556}") = "HilresChart.Authentication.RazorComponent", "HilresChart.Authentication.RazorComponent\HilresChart.Authentication.RazorComponent.csproj", "{63F741DE-638F-4F39-8250-8B1E7060CB2E}"
EndProject
Global
	GlobalSection(SolutionConfigurationPlatforms) = preSolution
		Debug|Any CPU = Debug|Any CPU
		Release|Any CPU = Release|Any CPU
	EndGlobalSection
	GlobalSection(ProjectConfigurationPlatforms) = postSolution
		{D5188C4D-071D-4AFC-B797-4F9CC0C463A5}.Debug|Any CPU.ActiveCfg = Debug|Any CPU
		{D5188C4D-071D-4AFC-B797-4F9CC0C463A5}.Debug|Any CPU.Build.0 = Debug|Any CPU
		{D5188C4D-071D-4AFC-B797-4F9CC0C463A5}.Release|Any CPU.ActiveCfg = Release|Any CPU
		{D5188C4D-071D-4AFC-B797-4F9CC0C463A5}.Release|Any CPU.Build.0 = Release|Any CPU
		{63F741DE-638F-4F39-8250-8B1E7060CB2E}.Debug|Any CPU.ActiveCfg = Debug|Any CPU
		{63F741DE-638F-4F39-8250-8B1E7060CB2E}.Debug|Any CPU.Build.0 = Debug|Any CPU
		{63F741DE-638F-4F39-8250-8B1E7060CB2E}.Release|Any CPU.ActiveCfg = Release|Any CPU
		{63F741DE-638F-4F39-8250-8B1E7060CB2E}.Release|Any CPU.Build.0 = Release|Any CPU
	EndGlobalSection
	GlobalSection(SolutionProperties) = preSolution
		HideSolutionNode = FALSE
	EndGlobalSection
	GlobalSection(ExtensibilityGlobals) = postSolution
		SolutionGuid = {8D4CD0D4-8559-49FF-9DA5-E8CF66DB0629}
	EndGlobalSection
EndGlobal
